// !$*UTF8*$!
{
	archiveVersion = 1;
	classes = {
	};
	objectVersion = 56;
	objects = {

/* Begin PBXBuildFile section */
		13CD848F29CB3F1900D16A9A /* AppDelegate.swift in Sources */ = {isa = PBXBuildFile; fileRef = 13CD848E29CB3F1900D16A9A /* AppDelegate.swift */; };
		13CD849129CB3F1900D16A9A /* SceneDelegate.swift in Sources */ = {isa = PBXBuildFile; fileRef = 13CD849029CB3F1900D16A9A /* SceneDelegate.swift */; };
		13CD849329CB3F1900D16A9A /* ViewController.swift in Sources */ = {isa = PBXBuildFile; fileRef = 13CD849229CB3F1900D16A9A /* ViewController.swift */; };
		13CD849629CB3F1900D16A9A /* Main.storyboard in Resources */ = {isa = PBXBuildFile; fileRef = 13CD849429CB3F1900D16A9A /* Main.storyboard */; };
		13CD849829CB3F1A00D16A9A /* Assets.xcassets in Resources */ = {isa = PBXBuildFile; fileRef = 13CD849729CB3F1A00D16A9A /* Assets.xcassets */; };
		13CD849B29CB3F1A00D16A9A /* LaunchScreen.storyboard in Resources */ = {isa = PBXBuildFile; fileRef = 13CD849929CB3F1A00D16A9A /* LaunchScreen.storyboard */; };
		13CD84A629CB3F1A00D16A9A /* LowkeyPollTests.swift in Sources */ = {isa = PBXBuildFile; fileRef = 13CD84A529CB3F1A00D16A9A /* LowkeyPollTests.swift */; };
		13CD84B029CB3F1A00D16A9A /* LowkeyPollUITests.swift in Sources */ = {isa = PBXBuildFile; fileRef = 13CD84AF29CB3F1A00D16A9A /* LowkeyPollUITests.swift */; };
		13CD84B229CB3F1A00D16A9A /* LowkeyPollUITestsLaunchTests.swift in Sources */ = {isa = PBXBuildFile; fileRef = 13CD84B129CB3F1A00D16A9A /* LowkeyPollUITestsLaunchTests.swift */; };
/* End PBXBuildFile section */

/* Begin PBXContainerItemProxy section */
		13CD84A229CB3F1A00D16A9A /* PBXContainerItemProxy */ = {
			isa = PBXContainerItemProxy;
			containerPortal = 13CD848329CB3F1900D16A9A /* Project object */;
			proxyType = 1;
			remoteGlobalIDString = 13CD848A29CB3F1900D16A9A;
			remoteInfo = LowkeyPoll;
		};
		13CD84AC29CB3F1A00D16A9A /* PBXContainerItemProxy */ = {
			isa = PBXContainerItemProxy;
			containerPortal = 13CD848329CB3F1900D16A9A /* Project object */;
			proxyType = 1;
			remoteGlobalIDString = 13CD848A29CB3F1900D16A9A;
			remoteInfo = LowkeyPoll;
		};
/* End PBXContainerItemProxy section */

/* Begin PBXFileReference section */
		13CD848B29CB3F1900D16A9A /* LowkeyPoll.app */ = {isa = PBXFileReference; explicitFileType = wrapper.application; includeInIndex = 0; path = LowkeyPoll.app; sourceTree = BUILT_PRODUCTS_DIR; };
		13CD848E29CB3F1900D16A9A /* AppDelegate.swift */ = {isa = PBXFileReference; lastKnownFileType = sourcecode.swift; path = AppDelegate.swift; sourceTree = "<group>"; };
		13CD849029CB3F1900D16A9A /* SceneDelegate.swift */ = {isa = PBXFileReference; lastKnownFileType = sourcecode.swift; path = SceneDelegate.swift; sourceTree = "<group>"; };
		13CD849229CB3F1900D16A9A /* ViewController.swift */ = {isa = PBXFileReference; lastKnownFileType = sourcecode.swift; path = ViewController.swift; sourceTree = "<group>"; };
		13CD849529CB3F1900D16A9A /* Base */ = {isa = PBXFileReference; lastKnownFileType = file.storyboard; name = Base; path = Base.lproj/Main.storyboard; sourceTree = "<group>"; };
		13CD849729CB3F1A00D16A9A /* Assets.xcassets */ = {isa = PBXFileReference; lastKnownFileType = folder.assetcatalog; path = Assets.xcassets; sourceTree = "<group>"; };
		13CD849A29CB3F1A00D16A9A /* Base */ = {isa = PBXFileReference; lastKnownFileType = file.storyboard; name = Base; path = Base.lproj/LaunchScreen.storyboard; sourceTree = "<group>"; };
		13CD849C29CB3F1A00D16A9A /* Info.plist */ = {isa = PBXFileReference; lastKnownFileType = text.plist.xml; path = Info.plist; sourceTree = "<group>"; };
		13CD84A129CB3F1A00D16A9A /* LowkeyPollTests.xctest */ = {isa = PBXFileReference; explicitFileType = wrapper.cfbundle; includeInIndex = 0; path = LowkeyPollTests.xctest; sourceTree = BUILT_PRODUCTS_DIR; };
		13CD84A529CB3F1A00D16A9A /* LowkeyPollTests.swift */ = {isa = PBXFileReference; lastKnownFileType = sourcecode.swift; path = LowkeyPollTests.swift; sourceTree = "<group>"; };
		13CD84AB29CB3F1A00D16A9A /* LowkeyPollUITests.xctest */ = {isa = PBXFileReference; explicitFileType = wrapper.cfbundle; includeInIndex = 0; path = LowkeyPollUITests.xctest; sourceTree = BUILT_PRODUCTS_DIR; };
		13CD84AF29CB3F1A00D16A9A /* LowkeyPollUITests.swift */ = {isa = PBXFileReference; lastKnownFileType = sourcecode.swift; path = LowkeyPollUITests.swift; sourceTree = "<group>"; };
		13CD84B129CB3F1A00D16A9A /* LowkeyPollUITestsLaunchTests.swift */ = {isa = PBXFileReference; lastKnownFileType = sourcecode.swift; path = LowkeyPollUITestsLaunchTests.swift; sourceTree = "<group>"; };
/* End PBXFileReference section */

/* Begin PBXFrameworksBuildPhase section */
		13CD848829CB3F1900D16A9A /* Frameworks */ = {
			isa = PBXFrameworksBuildPhase;
			buildActionMask = 2147483647;
			files = (
			);
			runOnlyForDeploymentPostprocessing = 0;
		};
		13CD849E29CB3F1A00D16A9A /* Frameworks */ = {
			isa = PBXFrameworksBuildPhase;
			buildActionMask = 2147483647;
			files = (
			);
			runOnlyForDeploymentPostprocessing = 0;
		};
		13CD84A829CB3F1A00D16A9A /* Frameworks */ = {
			isa = PBXFrameworksBuildPhase;
			buildActionMask = 2147483647;
			files = (
			);
			runOnlyForDeploymentPostprocessing = 0;
		};
/* End PBXFrameworksBuildPhase section */

/* Begin PBXGroup section */
		13CD848229CB3F1900D16A9A = {
			isa = PBXGroup;
			children = (
				13CD848D29CB3F1900D16A9A /* LowkeyPoll */,
				13CD84A429CB3F1A00D16A9A /* LowkeyPollTests */,
				13CD84AE29CB3F1A00D16A9A /* LowkeyPollUITests */,
				13CD848C29CB3F1900D16A9A /* Products */,
			);
			sourceTree = "<group>";
		};
		13CD848C29CB3F1900D16A9A /* Products */ = {
			isa = PBXGroup;
			children = (
				13CD848B29CB3F1900D16A9A /* LowkeyPoll.app */,
				13CD84A129CB3F1A00D16A9A /* LowkeyPollTests.xctest */,
				13CD84AB29CB3F1A00D16A9A /* LowkeyPollUITests.xctest */,
			);
			name = Products;
			sourceTree = "<group>";
		};
		13CD848D29CB3F1900D16A9A /* LowkeyPoll */ = {
			isa = PBXGroup;
			children = (
				13CD848E29CB3F1900D16A9A /* AppDelegate.swift */,
				13CD849029CB3F1900D16A9A /* SceneDelegate.swift */,
				13CD849229CB3F1900D16A9A /* ViewController.swift */,
				13CD849429CB3F1900D16A9A /* Main.storyboard */,
				13CD849729CB3F1A00D16A9A /* Assets.xcassets */,
				13CD849929CB3F1A00D16A9A /* LaunchScreen.storyboard */,
				13CD849C29CB3F1A00D16A9A /* Info.plist */,
			);
			path = LowkeyPoll;
			sourceTree = "<group>";
		};
		13CD84A429CB3F1A00D16A9A /* LowkeyPollTests */ = {
			isa = PBXGroup;
			children = (
				13CD84A529CB3F1A00D16A9A /* LowkeyPollTests.swift */,
			);
			path = LowkeyPollTests;
			sourceTree = "<group>";
		};
		13CD84AE29CB3F1A00D16A9A /* LowkeyPollUITests */ = {
			isa = PBXGroup;
			children = (
				13CD84AF29CB3F1A00D16A9A /* LowkeyPollUITests.swift */,
				13CD84B129CB3F1A00D16A9A /* LowkeyPollUITestsLaunchTests.swift */,
			);
			path = LowkeyPollUITests;
			sourceTree = "<group>";
		};
/* End PBXGroup section */

/* Begin PBXNativeTarget section */
		13CD848A29CB3F1900D16A9A /* LowkeyPoll */ = {
			isa = PBXNativeTarget;
			buildConfigurationList = 13CD84B529CB3F1A00D16A9A /* Build configuration list for PBXNativeTarget "LowkeyPoll" */;
			buildPhases = (
				13CD848729CB3F1900D16A9A /* Sources */,
				13CD848829CB3F1900D16A9A /* Frameworks */,
				13CD848929CB3F1900D16A9A /* Resources */,
			);
			buildRules = (
			);
			dependencies = (
			);
			name = LowkeyPoll;
			productName = LowkeyPoll;
			productReference = 13CD848B29CB3F1900D16A9A /* LowkeyPoll.app */;
			productType = "com.apple.product-type.application";
		};
		13CD84A029CB3F1A00D16A9A /* LowkeyPollTests */ = {
			isa = PBXNativeTarget;
			buildConfigurationList = 13CD84B829CB3F1A00D16A9A /* Build configuration list for PBXNativeTarget "LowkeyPollTests" */;
			buildPhases = (
				13CD849D29CB3F1A00D16A9A /* Sources */,
				13CD849E29CB3F1A00D16A9A /* Frameworks */,
				13CD849F29CB3F1A00D16A9A /* Resources */,
			);
			buildRules = (
			);
			dependencies = (
				13CD84A329CB3F1A00D16A9A /* PBXTargetDependency */,
			);
			name = LowkeyPollTests;
			productName = LowkeyPollTests;
			productReference = 13CD84A129CB3F1A00D16A9A /* LowkeyPollTests.xctest */;
			productType = "com.apple.product-type.bundle.unit-test";
		};
		13CD84AA29CB3F1A00D16A9A /* LowkeyPollUITests */ = {
			isa = PBXNativeTarget;
			buildConfigurationList = 13CD84BB29CB3F1A00D16A9A /* Build configuration list for PBXNativeTarget "LowkeyPollUITests" */;
			buildPhases = (
				13CD84A729CB3F1A00D16A9A /* Sources */,
				13CD84A829CB3F1A00D16A9A /* Frameworks */,
				13CD84A929CB3F1A00D16A9A /* Resources */,
			);
			buildRules = (
			);
			dependencies = (
				13CD84AD29CB3F1A00D16A9A /* PBXTargetDependency */,
			);
			name = LowkeyPollUITests;
			productName = LowkeyPollUITests;
			productReference = 13CD84AB29CB3F1A00D16A9A /* LowkeyPollUITests.xctest */;
			productType = "com.apple.product-type.bundle.ui-testing";
		};
/* End PBXNativeTarget section */

/* Begin PBXProject section */
		13CD848329CB3F1900D16A9A /* Project object */ = {
			isa = PBXProject;
			attributes = {
				BuildIndependentTargetsInParallel = 1;
				LastSwiftUpdateCheck = 1420;
				LastUpgradeCheck = 1420;
				TargetAttributes = {
					13CD848A29CB3F1900D16A9A = {
						CreatedOnToolsVersion = 14.2;
					};
					13CD84A029CB3F1A00D16A9A = {
						CreatedOnToolsVersion = 14.2;
						TestTargetID = 13CD848A29CB3F1900D16A9A;
					};
					13CD84AA29CB3F1A00D16A9A = {
						CreatedOnToolsVersion = 14.2;
						TestTargetID = 13CD848A29CB3F1900D16A9A;
					};
				};
			};
			buildConfigurationList = 13CD848629CB3F1900D16A9A /* Build configuration list for PBXProject "LowkeyPoll" */;
			compatibilityVersion = "Xcode 14.0";
			developmentRegion = en;
			hasScannedForEncodings = 0;
			knownRegions = (
				en,
				Base,
			);
			mainGroup = 13CD848229CB3F1900D16A9A;
			productRefGroup = 13CD848C29CB3F1900D16A9A /* Products */;
			projectDirPath = "";
			projectRoot = "";
			targets = (
				13CD848A29CB3F1900D16A9A /* LowkeyPoll */,
				13CD84A029CB3F1A00D16A9A /* LowkeyPollTests */,
				13CD84AA29CB3F1A00D16A9A /* LowkeyPollUITests */,
			);
		};
/* End PBXProject section */

/* Begin PBXResourcesBuildPhase section */
		13CD848929CB3F1900D16A9A /* Resources */ = {
			isa = PBXResourcesBuildPhase;
			buildActionMask = 2147483647;
			files = (
				13CD849B29CB3F1A00D16A9A /* LaunchScreen.storyboard in Resources */,
				13CD849829CB3F1A00D16A9A /* Assets.xcassets in Resources */,
				13CD849629CB3F1900D16A9A /* Main.storyboard in Resources */,
			);
			runOnlyForDeploymentPostprocessing = 0;
		};
		13CD849F29CB3F1A00D16A9A /* Resources */ = {
			isa = PBXResourcesBuildPhase;
			buildActionMask = 2147483647;
			files = (
			);
			runOnlyForDeploymentPostprocessing = 0;
		};
		13CD84A929CB3F1A00D16A9A /* Resources */ = {
			isa = PBXResourcesBuildPhase;
			buildActionMask = 2147483647;
			files = (
			);
			runOnlyForDeploymentPostprocessing = 0;
		};
/* End PBXResourcesBuildPhase section */

/* Begin PBXSourcesBuildPhase section */
		13CD848729CB3F1900D16A9A /* Sources */ = {
			isa = PBXSourcesBuildPhase;
			buildActionMask = 2147483647;
			files = (
				13CD849329CB3F1900D16A9A /* ViewController.swift in Sources */,
				13CD848F29CB3F1900D16A9A /* AppDelegate.swift in Sources */,
				13CD849129CB3F1900D16A9A /* SceneDelegate.swift in Sources */,
			);
			runOnlyForDeploymentPostprocessing = 0;
		};
		13CD849D29CB3F1A00D16A9A /* Sources */ = {
			isa = PBXSourcesBuildPhase;
			buildActionMask = 2147483647;
			files = (
				13CD84A629CB3F1A00D16A9A /* LowkeyPollTests.swift in Sources */,
			);
			runOnlyForDeploymentPostprocessing = 0;
		};
		13CD84A729CB3F1A00D16A9A /* Sources */ = {
			isa = PBXSourcesBuildPhase;
			buildActionMask = 2147483647;
			files = (
				13CD84B229CB3F1A00D16A9A /* LowkeyPollUITestsLaunchTests.swift in Sources */,
				13CD84B029CB3F1A00D16A9A /* LowkeyPollUITests.swift in Sources */,
			);
			runOnlyForDeploymentPostprocessing = 0;
		};
/* End PBXSourcesBuildPhase section */

/* Begin PBXTargetDependency section */
		13CD84A329CB3F1A00D16A9A /* PBXTargetDependency */ = {
			isa = PBXTargetDependency;
			target = 13CD848A29CB3F1900D16A9A /* LowkeyPoll */;
			targetProxy = 13CD84A229CB3F1A00D16A9A /* PBXContainerItemProxy */;
		};
		13CD84AD29CB3F1A00D16A9A /* PBXTargetDependency */ = {
			isa = PBXTargetDependency;
			target = 13CD848A29CB3F1900D16A9A /* LowkeyPoll */;
			targetProxy = 13CD84AC29CB3F1A00D16A9A /* PBXContainerItemProxy */;
		};
/* End PBXTargetDependency section */

/* Begin PBXVariantGroup section */
		13CD849429CB3F1900D16A9A /* Main.storyboard */ = {
			isa = PBXVariantGroup;
			children = (
				13CD849529CB3F1900D16A9A /* Base */,
			);
			name = Main.storyboard;
			sourceTree = "<group>";
		};
		13CD849929CB3F1A00D16A9A /* LaunchScreen.storyboard */ = {
			isa = PBXVariantGroup;
			children = (
				13CD849A29CB3F1A00D16A9A /* Base */,
			);
			name = LaunchScreen.storyboard;
			sourceTree = "<group>";
		};
/* End PBXVariantGroup section */

/* Begin XCBuildConfiguration section */
		13CD84B329CB3F1A00D16A9A /* Debug */ = {
			isa = XCBuildConfiguration;
			buildSettings = {
				ALWAYS_SEARCH_USER_PATHS = NO;
				CLANG_ANALYZER_NONNULL = YES;
				CLANG_ANALYZER_NUMBER_OBJECT_CONVERSION = YES_AGGRESSIVE;
				CLANG_CXX_LANGUAGE_STANDARD = "gnu++20";
				CLANG_ENABLE_MODULES = YES;
				CLANG_ENABLE_OBJC_ARC = YES;
				CLANG_ENABLE_OBJC_WEAK = YES;
				CLANG_WARN_BLOCK_CAPTURE_AUTORELEASING = YES;
				CLANG_WARN_BOOL_CONVERSION = YES;
				CLANG_WARN_COMMA = YES;
				CLANG_WARN_CONSTANT_CONVERSION = YES;
				CLANG_WARN_DEPRECATED_OBJC_IMPLEMENTATIONS = YES;
				CLANG_WARN_DIRECT_OBJC_ISA_USAGE = YES_ERROR;
				CLANG_WARN_DOCUMENTATION_COMMENTS = YES;
				CLANG_WARN_EMPTY_BODY = YES;
				CLANG_WARN_ENUM_CONVERSION = YES;
				CLANG_WARN_INFINITE_RECURSION = YES;
				CLANG_WARN_INT_CONVERSION = YES;
				CLANG_WARN_NON_LITERAL_NULL_CONVERSION = YES;
				CLANG_WARN_OBJC_IMPLICIT_RETAIN_SELF = YES;
				CLANG_WARN_OBJC_LITERAL_CONVERSION = YES;
				CLANG_WARN_OBJC_ROOT_CLASS = YES_ERROR;
				CLANG_WARN_QUOTED_INCLUDE_IN_FRAMEWORK_HEADER = YES;
				CLANG_WARN_RANGE_LOOP_ANALYSIS = YES;
				CLANG_WARN_STRICT_PROTOTYPES = YES;
				CLANG_WARN_SUSPICIOUS_MOVE = YES;
				CLANG_WARN_UNGUARDED_AVAILABILITY = YES_AGGRESSIVE;
				CLANG_WARN_UNREACHABLE_CODE = YES;
				CLANG_WARN__DUPLICATE_METHOD_MATCH = YES;
				COPY_PHASE_STRIP = NO;
				DEBUG_INFORMATION_FORMAT = dwarf;
				ENABLE_STRICT_OBJC_MSGSEND = YES;
				ENABLE_TESTABILITY = YES;
				GCC_C_LANGUAGE_STANDARD = gnu11;
				GCC_DYNAMIC_NO_PIC = NO;
				GCC_NO_COMMON_BLOCKS = YES;
				GCC_OPTIMIZATION_LEVEL = 0;
				GCC_PREPROCESSOR_DEFINITIONS = (
					"DEBUG=1",
					"$(inherited)",
				);
				GCC_WARN_64_TO_32_BIT_CONVERSION = YES;
				GCC_WARN_ABOUT_RETURN_TYPE = YES_ERROR;
				GCC_WARN_UNDECLARED_SELECTOR = YES;
				GCC_WARN_UNINITIALIZED_AUTOS = YES_AGGRESSIVE;
				GCC_WARN_UNUSED_FUNCTION = YES;
				GCC_WARN_UNUSED_VARIABLE = YES;
				IPHONEOS_DEPLOYMENT_TARGET = 16.2;
				MTL_ENABLE_DEBUG_INFO = INCLUDE_SOURCE;
				MTL_FAST_MATH = YES;
				ONLY_ACTIVE_ARCH = YES;
				SDKROOT = iphoneos;
				SWIFT_ACTIVE_COMPILATION_CONDITIONS = DEBUG;
				SWIFT_OPTIMIZATION_LEVEL = "-Onone";
			};
			name = Debug;
		};
		13CD84B429CB3F1A00D16A9A /* Release */ = {
			isa = XCBuildConfiguration;
			buildSettings = {
				ALWAYS_SEARCH_USER_PATHS = NO;
				CLANG_ANALYZER_NONNULL = YES;
				CLANG_ANALYZER_NUMBER_OBJECT_CONVERSION = YES_AGGRESSIVE;
				CLANG_CXX_LANGUAGE_STANDARD = "gnu++20";
				CLANG_ENABLE_MODULES = YES;
				CLANG_ENABLE_OBJC_ARC = YES;
				CLANG_ENABLE_OBJC_WEAK = YES;
				CLANG_WARN_BLOCK_CAPTURE_AUTORELEASING = YES;
				CLANG_WARN_BOOL_CONVERSION = YES;
				CLANG_WARN_COMMA = YES;
				CLANG_WARN_CONSTANT_CONVERSION = YES;
				CLANG_WARN_DEPRECATED_OBJC_IMPLEMENTATIONS = YES;
				CLANG_WARN_DIRECT_OBJC_ISA_USAGE = YES_ERROR;
				CLANG_WARN_DOCUMENTATION_COMMENTS = YES;
				CLANG_WARN_EMPTY_BODY = YES;
				CLANG_WARN_ENUM_CONVERSION = YES;
				CLANG_WARN_INFINITE_RECURSION = YES;
				CLANG_WARN_INT_CONVERSION = YES;
				CLANG_WARN_NON_LITERAL_NULL_CONVERSION = YES;
				CLANG_WARN_OBJC_IMPLICIT_RETAIN_SELF = YES;
				CLANG_WARN_OBJC_LITERAL_CONVERSION = YES;
				CLANG_WARN_OBJC_ROOT_CLASS = YES_ERROR;
				CLANG_WARN_QUOTED_INCLUDE_IN_FRAMEWORK_HEADER = YES;
				CLANG_WARN_RANGE_LOOP_ANALYSIS = YES;
				CLANG_WARN_STRICT_PROTOTYPES = YES;
				CLANG_WARN_SUSPICIOUS_MOVE = YES;
				CLANG_WARN_UNGUARDED_AVAILABILITY = YES_AGGRESSIVE;
				CLANG_WARN_UNREACHABLE_CODE = YES;
				CLANG_WARN__DUPLICATE_METHOD_MATCH = YES;
				COPY_PHASE_STRIP = NO;
				DEBUG_INFORMATION_FORMAT = "dwarf-with-dsym";
				ENABLE_NS_ASSERTIONS = NO;
				ENABLE_STRICT_OBJC_MSGSEND = YES;
				GCC_C_LANGUAGE_STANDARD = gnu11;
				GCC_NO_COMMON_BLOCKS = YES;
				GCC_WARN_64_TO_32_BIT_CONVERSION = YES;
				GCC_WARN_ABOUT_RETURN_TYPE = YES_ERROR;
				GCC_WARN_UNDECLARED_SELECTOR = YES;
				GCC_WARN_UNINITIALIZED_AUTOS = YES_AGGRESSIVE;
				GCC_WARN_UNUSED_FUNCTION = YES;
				GCC_WARN_UNUSED_VARIABLE = YES;
				IPHONEOS_DEPLOYMENT_TARGET = 16.2;
				MTL_ENABLE_DEBUG_INFO = NO;
				MTL_FAST_MATH = YES;
				SDKROOT = iphoneos;
				SWIFT_COMPILATION_MODE = wholemodule;
				SWIFT_OPTIMIZATION_LEVEL = "-O";
				VALIDATE_PRODUCT = YES;
			};
			name = Release;
		};
		13CD84B629CB3F1A00D16A9A /* Debug */ = {
			isa = XCBuildConfiguration;
			buildSettings = {
				ASSETCATALOG_COMPILER_APPICON_NAME = AppIcon;
				ASSETCATALOG_COMPILER_GLOBAL_ACCENT_COLOR_NAME = AccentColor;
				CODE_SIGN_STYLE = Automatic;
				CURRENT_PROJECT_VERSION = 1;
				DEVELOPMENT_TEAM = 8H375354J7;
				GENERATE_INFOPLIST_FILE = YES;
				INFOPLIST_FILE = LowkeyPoll/Info.plist;
				INFOPLIST_KEY_UIApplicationSupportsIndirectInputEvents = YES;
				INFOPLIST_KEY_UILaunchStoryboardName = LaunchScreen;
				INFOPLIST_KEY_UIMainStoryboardFile = Main;
				INFOPLIST_KEY_UISupportedInterfaceOrientations_iPad = "UIInterfaceOrientationPortrait UIInterfaceOrientationPortraitUpsideDown UIInterfaceOrientationLandscapeLeft UIInterfaceOrientationLandscapeRight";
				INFOPLIST_KEY_UISupportedInterfaceOrientations_iPhone = "UIInterfaceOrientationPortrait UIInterfaceOrientationLandscapeLeft UIInterfaceOrientationLandscapeRight";
				LD_RUNPATH_SEARCH_PATHS = (
					"$(inherited)",
					"@executable_path/Frameworks",
				);
				MARKETING_VERSION = 1.0;
				PRODUCT_BUNDLE_IDENTIFIER = com.flowydeer.LowkeyPoll;
				PRODUCT_NAME = "$(TARGET_NAME)";
				SWIFT_EMIT_LOC_STRINGS = YES;
				SWIFT_VERSION = 5.0;
				TARGETED_DEVICE_FAMILY = "1,2";
			};
			name = Debug;
		};
		13CD84B729CB3F1A00D16A9A /* Release */ = {
			isa = XCBuildConfiguration;
			buildSettings = {
				ASSETCATALOG_COMPILER_APPICON_NAME = AppIcon;
				ASSETCATALOG_COMPILER_GLOBAL_ACCENT_COLOR_NAME = AccentColor;
				CODE_SIGN_STYLE = Automatic;
				CURRENT_PROJECT_VERSION = 1;
				DEVELOPMENT_TEAM = 8H375354J7;
				GENERATE_INFOPLIST_FILE = YES;
				INFOPLIST_FILE = LowkeyPoll/Info.plist;
				INFOPLIST_KEY_UIApplicationSupportsIndirectInputEvents = YES;
				INFOPLIST_KEY_UILaunchStoryboardName = LaunchScreen;
				INFOPLIST_KEY_UIMainStoryboardFile = Main;
				INFOPLIST_KEY_UISupportedInterfaceOrientations_iPad = "UIInterfaceOrientationPortrait UIInterfaceOrientationPortraitUpsideDown UIInterfaceOrientationLandscapeLeft UIInterfaceOrientationLandscapeRight";
				INFOPLIST_KEY_UISupportedInterfaceOrientations_iPhone = "UIInterfaceOrientationPortrait UIInterfaceOrientationLandscapeLeft UIInterfaceOrientationLandscapeRight";
				LD_RUNPATH_SEARCH_PATHS = (
					"$(inherited)",
					"@executable_path/Frameworks",
				);
				MARKETING_VERSION = 1.0;
				PRODUCT_BUNDLE_IDENTIFIER = com.flowydeer.LowkeyPoll;
				PRODUCT_NAME = "$(TARGET_NAME)";
				SWIFT_EMIT_LOC_STRINGS = YES;
				SWIFT_VERSION = 5.0;
				TARGETED_DEVICE_FAMILY = "1,2";
			};
			name = Release;
		};
		13CD84B929CB3F1A00D16A9A /* Debug */ = {
			isa = XCBuildConfiguration;
			buildSettings = {
				ALWAYS_EMBED_SWIFT_STANDARD_LIBRARIES = YES;
				BUNDLE_LOADER = "$(TEST_HOST)";
				CODE_SIGN_STYLE = Automatic;
				CURRENT_PROJECT_VERSION = 1;
				DEVELOPMENT_TEAM = 8H375354J7;
				GENERATE_INFOPLIST_FILE = YES;
				IPHONEOS_DEPLOYMENT_TARGET = 16.2;
				MARKETING_VERSION = 1.0;
				PRODUCT_BUNDLE_IDENTIFIER = com.flowydeer.LowkeyPollTests;
				PRODUCT_NAME = "$(TARGET_NAME)";
				SWIFT_EMIT_LOC_STRINGS = NO;
				SWIFT_VERSION = 5.0;
				TARGETED_DEVICE_FAMILY = "1,2";
				TEST_HOST = "$(BUILT_PRODUCTS_DIR)/LowkeyPoll.app/$(BUNDLE_EXECUTABLE_FOLDER_PATH)/LowkeyPoll";
			};
			name = Debug;
		};
		13CD84BA29CB3F1A00D16A9A /* Release */ = {
			isa = XCBuildConfiguration;
			buildSettings = {
				ALWAYS_EMBED_SWIFT_STANDARD_LIBRARIES = YES;
				BUNDLE_LOADER = "$(TEST_HOST)";
				CODE_SIGN_STYLE = Automatic;
				CURRENT_PROJECT_VERSION = 1;
				DEVELOPMENT_TEAM = 8H375354J7;
				GENERATE_INFOPLIST_FILE = YES;
				IPHONEOS_DEPLOYMENT_TARGET = 16.2;
				MARKETING_VERSION = 1.0;
				PRODUCT_BUNDLE_IDENTIFIER = com.flowydeer.LowkeyPollTests;
				PRODUCT_NAME = "$(TARGET_NAME)";
				SWIFT_EMIT_LOC_STRINGS = NO;
				SWIFT_VERSION = 5.0;
				TARGETED_DEVICE_FAMILY = "1,2";
				TEST_HOST = "$(BUILT_PRODUCTS_DIR)/LowkeyPoll.app/$(BUNDLE_EXECUTABLE_FOLDER_PATH)/LowkeyPoll";
			};
			name = Release;
		};
		13CD84BC29CB3F1A00D16A9A /* Debug */ = {
			isa = XCBuildConfiguration;
			buildSettings = {
				ALWAYS_EMBED_SWIFT_STANDARD_LIBRARIES = YES;
				CODE_SIGN_STYLE = Automatic;
				CURRENT_PROJECT_VERSION = 1;
				DEVELOPMENT_TEAM = 8H375354J7;
				GENERATE_INFOPLIST_FILE = YES;
				MARKETING_VERSION = 1.0;
				PRODUCT_BUNDLE_IDENTIFIER = com.flowydeer.LowkeyPollUITests;
				PRODUCT_NAME = "$(TARGET_NAME)";
				SWIFT_EMIT_LOC_STRINGS = NO;
				SWIFT_VERSION = 5.0;
				TARGETED_DEVICE_FAMILY = "1,2";
				TEST_TARGET_NAME = LowkeyPoll;
			};
			name = Debug;
		};
		13CD84BD29CB3F1A00D16A9A /* Release */ = {
			isa = XCBuildConfiguration;
			buildSettings = {
				ALWAYS_EMBED_SWIFT_STANDARD_LIBRARIES = YES;
				CODE_SIGN_STYLE = Automatic;
				CURRENT_PROJECT_VERSION = 1;
				DEVELOPMENT_TEAM = 8H375354J7;
				GENERATE_INFOPLIST_FILE = YES;
				MARKETING_VERSION = 1.0;
				PRODUCT_BUNDLE_IDENTIFIER = com.flowydeer.LowkeyPollUITests;
				PRODUCT_NAME = "$(TARGET_NAME)";
				SWIFT_EMIT_LOC_STRINGS = NO;
				SWIFT_VERSION = 5.0;
				TARGETED_DEVICE_FAMILY = "1,2";
				TEST_TARGET_NAME = LowkeyPoll;
			};
			name = Release;
		};
/* End XCBuildConfiguration section */

/* Begin XCConfigurationList section */
		13CD848629CB3F1900D16A9A /* Build configuration list for PBXProject "LowkeyPoll" */ = {
			isa = XCConfigurationList;
			buildConfigurations = (
				13CD84B329CB3F1A00D16A9A /* Debug */,
				13CD84B429CB3F1A00D16A9A /* Release */,
			);
			defaultConfigurationIsVisible = 0;
			defaultConfigurationName = Release;
		};
		13CD84B529CB3F1A00D16A9A /* Build configuration list for PBXNativeTarget "LowkeyPoll" */ = {
			isa = XCConfigurationList;
			buildConfigurations = (
				13CD84B629CB3F1A00D16A9A /* Debug */,
				13CD84B729CB3F1A00D16A9A /* Release */,
			);
			defaultConfigurationIsVisible = 0;
			defaultConfigurationName = Release;
		};
		13CD84B829CB3F1A00D16A9A /* Build configuration list for PBXNativeTarget "LowkeyPollTests" */ = {
			isa = XCConfigurationList;
			buildConfigurations = (
				13CD84B929CB3F1A00D16A9A /* Debug */,
				13CD84BA29CB3F1A00D16A9A /* Release */,
			);
			defaultConfigurationIsVisible = 0;
			defaultConfigurationName = Release;
		};
		13CD84BB29CB3F1A00D16A9A /* Build configuration list for PBXNativeTarget "LowkeyPollUITests" */ = {
			isa = XCConfigurationList;
			buildConfigurations = (
				13CD84BC29CB3F1A00D16A9A /* Debug */,
				13CD84BD29CB3F1A00D16A9A /* Release */,
			);
			defaultConfigurationIsVisible = 0;
			defaultConfigurationName = Release;
		};
/* End XCConfigurationList section */
	};
	rootObject = 13CD848329CB3F1900D16A9A /* Project object */;
}
